
Microsoft Visual Studio Solution File, Format Version 12.00
# Visual Studio Version 17
VisualStudioVersion = 17.2.32616.157
MinimumVisualStudioVersion = 10.0.40219.1
Project("{FAE04EC0-301F-11D3-BF4B-00C04F79EFBC}") = "GraphSprite", "GraphSprite\GraphSprite.csproj", "{CA1EBCAC-34A3-4988-9350-73D80D1B34FE}"
EndProject
Global
	GlobalSection(SolutionConfigurationPlatforms) = preSolution
		Debug|Any CPU = Debug|Any CPU
		Release|Any CPU = Release|Any CPU
	EndGlobalSection
	GlobalSection(ProjectConfigurationPlatforms) = postSolution
		{CA1EBCAC-34A3-4988-9350-73D80D1B34FE}.Debug|Any CPU.ActiveCfg = Debug|Any CPU
		{CA1EBCAC-34A3-4988-9350-73D80D1B34FE}.Debug|Any CPU.Build.0 = Debug|Any CPU
		{CA1EBCAC-34A3-4988-9350-73D80D1B34FE}.Release|Any CPU.ActiveCfg = Release|Any CPU
		{CA1EBCAC-34A3-4988-9350-73D80D1B34FE}.Release|Any CPU.Build.0 = Release|Any CPU
	EndGlobalSection
	GlobalSection(SolutionProperties) = preSolution
		HideSolutionNode = FALSE
	EndGlobalSection
	GlobalSection(ExtensibilityGlobals) = postSolution
		SolutionGuid = {7946EB89-6582-4066-A87A-D2305F7A948D}
	EndGlobalSection
EndGlobal
